// !$*UTF8*$!
{
	archiveVersion = 1;
	classes = {
	};
	objectVersion = 56;
	objects = {

/* Begin PBXBuildFile section */
		589302482CE33751005B7CB9 /* ProfileViewController.swift in Sources */ = {isa = PBXBuildFile; fileRef = 589302472CE33751005B7CB9 /* ProfileViewController.swift */; };
		5893024A2CE33780005B7CB9 /* CalendarViewController.swift in Sources */ = {isa = PBXBuildFile; fileRef = 589302492CE33780005B7CB9 /* CalendarViewController.swift */; };
		5893024C2CE337B0005B7CB9 /* ChatViewController.swift in Sources */ = {isa = PBXBuildFile; fileRef = 5893024B2CE337B0005B7CB9 /* ChatViewController.swift */; };
		5893024E2CE348CB005B7CB9 /* CreateEventViewController.swift in Sources */ = {isa = PBXBuildFile; fileRef = 5893024D2CE348CB005B7CB9 /* CreateEventViewController.swift */; };
		58F6FA402CE333ED00E2391A /* DashboardViewController.swift in Sources */ = {isa = PBXBuildFile; fileRef = 58F6FA3F2CE333EC00E2391A /* DashboardViewController.swift */; };
		B77624392CE158E3009F5952 /* AppDelegate.swift in Sources */ = {isa = PBXBuildFile; fileRef = B77624382CE158E3009F5952 /* AppDelegate.swift */; };
		B776243B2CE158E3009F5952 /* SceneDelegate.swift in Sources */ = {isa = PBXBuildFile; fileRef = B776243A2CE158E3009F5952 /* SceneDelegate.swift */; };
		B776243D2CE158E3009F5952 /* ViewController.swift in Sources */ = {isa = PBXBuildFile; fileRef = B776243C2CE158E3009F5952 /* ViewController.swift */; };
		B77624402CE158E3009F5952 /* Base in Resources */ = {isa = PBXBuildFile; fileRef = B776243F2CE158E3009F5952 /* Base */; };
		B77624422CE158E5009F5952 /* Assets.xcassets in Resources */ = {isa = PBXBuildFile; fileRef = B77624412CE158E5009F5952 /* Assets.xcassets */; };
		B77624452CE158E5009F5952 /* Base in Resources */ = {isa = PBXBuildFile; fileRef = B77624442CE158E5009F5952 /* Base */; };
		B77624502CE158E6009F5952 /* TeamUp_WashUTests.swift in Sources */ = {isa = PBXBuildFile; fileRef = B776244F2CE158E6009F5952 /* TeamUp_WashUTests.swift */; };
		B776245A2CE158E6009F5952 /* TeamUp_WashUUITests.swift in Sources */ = {isa = PBXBuildFile; fileRef = B77624592CE158E6009F5952 /* TeamUp_WashUUITests.swift */; };
		B776245C2CE158E6009F5952 /* TeamUp_WashUUITestsLaunchTests.swift in Sources */ = {isa = PBXBuildFile; fileRef = B776245B2CE158E6009F5952 /* TeamUp_WashUUITestsLaunchTests.swift */; };
		CDDA90EE2CE43C14005C06AC /* GoogleService-Info.plist in Resources */ = {isa = PBXBuildFile; fileRef = CDDA90ED2CE43C14005C06AC /* GoogleService-Info.plist */; };
		CDDA90F12CE43CBE005C06AC /* FirebaseAnalytics in Frameworks */ = {isa = PBXBuildFile; productRef = CDDA90F02CE43CBE005C06AC /* FirebaseAnalytics */; };
		CDDA90F32CE43CBE005C06AC /* FirebaseAuth in Frameworks */ = {isa = PBXBuildFile; productRef = CDDA90F22CE43CBE005C06AC /* FirebaseAuth */; };
		CDDA90F52CE43CBE005C06AC /* FirebaseFirestore in Frameworks */ = {isa = PBXBuildFile; productRef = CDDA90F42CE43CBE005C06AC /* FirebaseFirestore */; };
		CDDA90F72CE43CBE005C06AC /* FirebaseStorage in Frameworks */ = {isa = PBXBuildFile; productRef = CDDA90F62CE43CBE005C06AC /* FirebaseStorage */; };
/* End PBXBuildFile section */

/* Begin PBXContainerItemProxy section */
		B776244C2CE158E6009F5952 /* PBXContainerItemProxy */ = {
			isa = PBXContainerItemProxy;
			containerPortal = B776242D2CE158E2009F5952 /* Project object */;
			proxyType = 1;
			remoteGlobalIDString = B77624342CE158E3009F5952;
			remoteInfo = "TeamUp WashU";
		};
		B77624562CE158E6009F5952 /* PBXContainerItemProxy */ = {
			isa = PBXContainerItemProxy;
			containerPortal = B776242D2CE158E2009F5952 /* Project object */;
			proxyType = 1;
			remoteGlobalIDString = B77624342CE158E3009F5952;
			remoteInfo = "TeamUp WashU";
		};
/* End PBXContainerItemProxy section */

/* Begin PBXFileReference section */
		589302472CE33751005B7CB9 /* ProfileViewController.swift */ = {isa = PBXFileReference; lastKnownFileType = sourcecode.swift; path = ProfileViewController.swift; sourceTree = "<group>"; };
		589302492CE33780005B7CB9 /* CalendarViewController.swift */ = {isa = PBXFileReference; lastKnownFileType = sourcecode.swift; path = CalendarViewController.swift; sourceTree = "<group>"; };
		5893024B2CE337B0005B7CB9 /* ChatViewController.swift */ = {isa = PBXFileReference; lastKnownFileType = sourcecode.swift; path = ChatViewController.swift; sourceTree = "<group>"; };
		5893024D2CE348CB005B7CB9 /* CreateEventViewController.swift */ = {isa = PBXFileReference; lastKnownFileType = sourcecode.swift; path = CreateEventViewController.swift; sourceTree = "<group>"; };
		58F6FA3F2CE333EC00E2391A /* DashboardViewController.swift */ = {isa = PBXFileReference; lastKnownFileType = sourcecode.swift; path = DashboardViewController.swift; sourceTree = "<group>"; };
		B77624352CE158E3009F5952 /* TeamUp WashU.app */ = {isa = PBXFileReference; explicitFileType = wrapper.application; includeInIndex = 0; path = "TeamUp WashU.app"; sourceTree = BUILT_PRODUCTS_DIR; };
		B77624382CE158E3009F5952 /* AppDelegate.swift */ = {isa = PBXFileReference; lastKnownFileType = sourcecode.swift; path = AppDelegate.swift; sourceTree = "<group>"; };
		B776243A2CE158E3009F5952 /* SceneDelegate.swift */ = {isa = PBXFileReference; lastKnownFileType = sourcecode.swift; path = SceneDelegate.swift; sourceTree = "<group>"; };
		B776243C2CE158E3009F5952 /* ViewController.swift */ = {isa = PBXFileReference; lastKnownFileType = sourcecode.swift; path = ViewController.swift; sourceTree = "<group>"; };
		B776243F2CE158E3009F5952 /* Base */ = {isa = PBXFileReference; lastKnownFileType = file.storyboard; name = Base; path = Base.lproj/Main.storyboard; sourceTree = "<group>"; };
		B77624412CE158E5009F5952 /* Assets.xcassets */ = {isa = PBXFileReference; lastKnownFileType = folder.assetcatalog; path = Assets.xcassets; sourceTree = "<group>"; };
		B77624442CE158E5009F5952 /* Base */ = {isa = PBXFileReference; lastKnownFileType = file.storyboard; name = Base; path = Base.lproj/LaunchScreen.storyboard; sourceTree = "<group>"; };
		B77624462CE158E5009F5952 /* Info.plist */ = {isa = PBXFileReference; lastKnownFileType = text.plist.xml; path = Info.plist; sourceTree = "<group>"; };
		B776244B2CE158E6009F5952 /* TeamUp WashUTests.xctest */ = {isa = PBXFileReference; explicitFileType = wrapper.cfbundle; includeInIndex = 0; path = "TeamUp WashUTests.xctest"; sourceTree = BUILT_PRODUCTS_DIR; };
		B776244F2CE158E6009F5952 /* TeamUp_WashUTests.swift */ = {isa = PBXFileReference; lastKnownFileType = sourcecode.swift; path = TeamUp_WashUTests.swift; sourceTree = "<group>"; };
		B77624552CE158E6009F5952 /* TeamUp WashUUITests.xctest */ = {isa = PBXFileReference; explicitFileType = wrapper.cfbundle; includeInIndex = 0; path = "TeamUp WashUUITests.xctest"; sourceTree = BUILT_PRODUCTS_DIR; };
		B77624592CE158E6009F5952 /* TeamUp_WashUUITests.swift */ = {isa = PBXFileReference; lastKnownFileType = sourcecode.swift; path = TeamUp_WashUUITests.swift; sourceTree = "<group>"; };
		B776245B2CE158E6009F5952 /* TeamUp_WashUUITestsLaunchTests.swift */ = {isa = PBXFileReference; lastKnownFileType = sourcecode.swift; path = TeamUp_WashUUITestsLaunchTests.swift; sourceTree = "<group>"; };
		CDDA90ED2CE43C14005C06AC /* GoogleService-Info.plist */ = {isa = PBXFileReference; fileEncoding = 4; lastKnownFileType = text.plist.xml; path = "GoogleService-Info.plist"; sourceTree = "<group>"; };
/* End PBXFileReference section */

/* Begin PBXFrameworksBuildPhase section */
		B77624322CE158E3009F5952 /* Frameworks */ = {
			isa = PBXFrameworksBuildPhase;
			buildActionMask = 2147483647;
			files = (
				CDDA90F12CE43CBE005C06AC /* FirebaseAnalytics in Frameworks */,
				CDDA90F72CE43CBE005C06AC /* FirebaseStorage in Frameworks */,
				CDDA90F32CE43CBE005C06AC /* FirebaseAuth in Frameworks */,
				CDDA90F52CE43CBE005C06AC /* FirebaseFirestore in Frameworks */,
			);
			runOnlyForDeploymentPostprocessing = 0;
		};
		B77624482CE158E6009F5952 /* Frameworks */ = {
			isa = PBXFrameworksBuildPhase;
			buildActionMask = 2147483647;
			files = (
			);
			runOnlyForDeploymentPostprocessing = 0;
		};
		B77624522CE158E6009F5952 /* Frameworks */ = {
			isa = PBXFrameworksBuildPhase;
			buildActionMask = 2147483647;
			files = (
			);
			runOnlyForDeploymentPostprocessing = 0;
		};
/* End PBXFrameworksBuildPhase section */

/* Begin PBXGroup section */
		B776242C2CE158E2009F5952 = {
			isa = PBXGroup;
			children = (
				B77624372CE158E3009F5952 /* TeamUp WashU */,
				B776244E2CE158E6009F5952 /* TeamUp WashUTests */,
				B77624582CE158E6009F5952 /* TeamUp WashUUITests */,
				B77624362CE158E3009F5952 /* Products */,
			);
			sourceTree = "<group>";
		};
		B77624362CE158E3009F5952 /* Products */ = {
			isa = PBXGroup;
			children = (
				B77624352CE158E3009F5952 /* TeamUp WashU.app */,
				B776244B2CE158E6009F5952 /* TeamUp WashUTests.xctest */,
				B77624552CE158E6009F5952 /* TeamUp WashUUITests.xctest */,
			);
			name = Products;
			sourceTree = "<group>";
		};
		B77624372CE158E3009F5952 /* TeamUp WashU */ = {
			isa = PBXGroup;
			children = (
				B77624382CE158E3009F5952 /* AppDelegate.swift */,
				B776243A2CE158E3009F5952 /* SceneDelegate.swift */,
				B776243C2CE158E3009F5952 /* ViewController.swift */,
				58F6FA3F2CE333EC00E2391A /* DashboardViewController.swift */,
				5893024D2CE348CB005B7CB9 /* CreateEventViewController.swift */,
				589302472CE33751005B7CB9 /* ProfileViewController.swift */,
				589302492CE33780005B7CB9 /* CalendarViewController.swift */,
				CDDA90ED2CE43C14005C06AC /* GoogleService-Info.plist */,
				5893024B2CE337B0005B7CB9 /* ChatViewController.swift */,
				B776243E2CE158E3009F5952 /* Main.storyboard */,
				B77624412CE158E5009F5952 /* Assets.xcassets */,
				B77624432CE158E5009F5952 /* LaunchScreen.storyboard */,
				B77624462CE158E5009F5952 /* Info.plist */,
			);
			path = "TeamUp WashU";
			sourceTree = "<group>";
		};
		B776244E2CE158E6009F5952 /* TeamUp WashUTests */ = {
			isa = PBXGroup;
			children = (
				B776244F2CE158E6009F5952 /* TeamUp_WashUTests.swift */,
			);
			path = "TeamUp WashUTests";
			sourceTree = "<group>";
		};
		B77624582CE158E6009F5952 /* TeamUp WashUUITests */ = {
			isa = PBXGroup;
			children = (
				B77624592CE158E6009F5952 /* TeamUp_WashUUITests.swift */,
				B776245B2CE158E6009F5952 /* TeamUp_WashUUITestsLaunchTests.swift */,
			);
			path = "TeamUp WashUUITests";
			sourceTree = "<group>";
		};
/* End PBXGroup section */

/* Begin PBXNativeTarget section */
		B77624342CE158E3009F5952 /* TeamUp WashU */ = {
			isa = PBXNativeTarget;
			buildConfigurationList = B776245F2CE158E6009F5952 /* Build configuration list for PBXNativeTarget "TeamUp WashU" */;
			buildPhases = (
				B77624312CE158E3009F5952 /* Sources */,
				B77624322CE158E3009F5952 /* Frameworks */,
				B77624332CE158E3009F5952 /* Resources */,
			);
			buildRules = (
			);
			dependencies = (
			);
			name = "TeamUp WashU";
			packageProductDependencies = (
				CDDA90F02CE43CBE005C06AC /* FirebaseAnalytics */,
				CDDA90F22CE43CBE005C06AC /* FirebaseAuth */,
				CDDA90F42CE43CBE005C06AC /* FirebaseFirestore */,
				CDDA90F62CE43CBE005C06AC /* FirebaseStorage */,
			);
			productName = "TeamUp WashU";
			productReference = B77624352CE158E3009F5952 /* TeamUp WashU.app */;
			productType = "com.apple.product-type.application";
		};
		B776244A2CE158E6009F5952 /* TeamUp WashUTests */ = {
			isa = PBXNativeTarget;
			buildConfigurationList = B77624622CE158E6009F5952 /* Build configuration list for PBXNativeTarget "TeamUp WashUTests" */;
			buildPhases = (
				B77624472CE158E6009F5952 /* Sources */,
				B77624482CE158E6009F5952 /* Frameworks */,
				B77624492CE158E6009F5952 /* Resources */,
			);
			buildRules = (
			);
			dependencies = (
				B776244D2CE158E6009F5952 /* PBXTargetDependency */,
			);
			name = "TeamUp WashUTests";
			productName = "TeamUp WashUTests";
			productReference = B776244B2CE158E6009F5952 /* TeamUp WashUTests.xctest */;
			productType = "com.apple.product-type.bundle.unit-test";
		};
		B77624542CE158E6009F5952 /* TeamUp WashUUITests */ = {
			isa = PBXNativeTarget;
			buildConfigurationList = B77624652CE158E6009F5952 /* Build configuration list for PBXNativeTarget "TeamUp WashUUITests" */;
			buildPhases = (
				B77624512CE158E6009F5952 /* Sources */,
				B77624522CE158E6009F5952 /* Frameworks */,
				B77624532CE158E6009F5952 /* Resources */,
			);
			buildRules = (
			);
			dependencies = (
				B77624572CE158E6009F5952 /* PBXTargetDependency */,
			);
			name = "TeamUp WashUUITests";
			productName = "TeamUp WashUUITests";
			productReference = B77624552CE158E6009F5952 /* TeamUp WashUUITests.xctest */;
			productType = "com.apple.product-type.bundle.ui-testing";
		};
/* End PBXNativeTarget section */

/* Begin PBXProject section */
		B776242D2CE158E2009F5952 /* Project object */ = {
			isa = PBXProject;
			attributes = {
				BuildIndependentTargetsInParallel = 1;
				LastSwiftUpdateCheck = 1540;
				LastUpgradeCheck = 1540;
				TargetAttributes = {
					B77624342CE158E3009F5952 = {
						CreatedOnToolsVersion = 15.4;
					};
					B776244A2CE158E6009F5952 = {
						CreatedOnToolsVersion = 15.4;
						TestTargetID = B77624342CE158E3009F5952;
					};
					B77624542CE158E6009F5952 = {
						CreatedOnToolsVersion = 15.4;
						TestTargetID = B77624342CE158E3009F5952;
					};
				};
			};
			buildConfigurationList = B77624302CE158E2009F5952 /* Build configuration list for PBXProject "TeamUp WashU" */;
			compatibilityVersion = "Xcode 14.0";
			developmentRegion = en;
			hasScannedForEncodings = 0;
			knownRegions = (
				en,
				Base,
			);
			mainGroup = B776242C2CE158E2009F5952;
			packageReferences = (
				CDDA90EF2CE43CBE005C06AC /* XCRemoteSwiftPackageReference "firebase-ios-sdk" */,
			);
			productRefGroup = B77624362CE158E3009F5952 /* Products */;
			projectDirPath = "";
			projectRoot = "";
			targets = (
				B77624342CE158E3009F5952 /* TeamUp WashU */,
				B776244A2CE158E6009F5952 /* TeamUp WashUTests */,
				B77624542CE158E6009F5952 /* TeamUp WashUUITests */,
			);
		};
/* End PBXProject section */

/* Begin PBXResourcesBuildPhase section */
		B77624332CE158E3009F5952 /* Resources */ = {
			isa = PBXResourcesBuildPhase;
			buildActionMask = 2147483647;
			files = (
				B77624422CE158E5009F5952 /* Assets.xcassets in Resources */,
				CDDA90EE2CE43C14005C06AC /* GoogleService-Info.plist in Resources */,
				B77624452CE158E5009F5952 /* Base in Resources */,
				B77624402CE158E3009F5952 /* Base in Resources */,
			);
			runOnlyForDeploymentPostprocessing = 0;
		};
		B77624492CE158E6009F5952 /* Resources */ = {
			isa = PBXResourcesBuildPhase;
			buildActionMask = 2147483647;
			files = (
			);
			runOnlyForDeploymentPostprocessing = 0;
		};
		B77624532CE158E6009F5952 /* Resources */ = {
			isa = PBXResourcesBuildPhase;
			buildActionMask = 2147483647;
			files = (
			);
			runOnlyForDeploymentPostprocessing = 0;
		};
/* End PBXResourcesBuildPhase section */

/* Begin PBXSourcesBuildPhase section */
		B77624312CE158E3009F5952 /* Sources */ = {
			isa = PBXSourcesBuildPhase;
			buildActionMask = 2147483647;
			files = (
				5893024A2CE33780005B7CB9 /* CalendarViewController.swift in Sources */,
				B776243D2CE158E3009F5952 /* ViewController.swift in Sources */,
				B77624392CE158E3009F5952 /* AppDelegate.swift in Sources */,
				5893024C2CE337B0005B7CB9 /* ChatViewController.swift in Sources */,
				589302482CE33751005B7CB9 /* ProfileViewController.swift in Sources */,
				B776243B2CE158E3009F5952 /* SceneDelegate.swift in Sources */,
				58F6FA402CE333ED00E2391A /* DashboardViewController.swift in Sources */,
				5893024E2CE348CB005B7CB9 /* CreateEventViewController.swift in Sources */,
			);
			runOnlyForDeploymentPostprocessing = 0;
		};
		B77624472CE158E6009F5952 /* Sources */ = {
			isa = PBXSourcesBuildPhase;
			buildActionMask = 2147483647;
			files = (
				B77624502CE158E6009F5952 /* TeamUp_WashUTests.swift in Sources */,
			);
			runOnlyForDeploymentPostprocessing = 0;
		};
		B77624512CE158E6009F5952 /* Sources */ = {
			isa = PBXSourcesBuildPhase;
			buildActionMask = 2147483647;
			files = (
				B776245A2CE158E6009F5952 /* TeamUp_WashUUITests.swift in Sources */,
				B776245C2CE158E6009F5952 /* TeamUp_WashUUITestsLaunchTests.swift in Sources */,
			);
			runOnlyForDeploymentPostprocessing = 0;
		};
/* End PBXSourcesBuildPhase section */

/* Begin PBXTargetDependency section */
		B776244D2CE158E6009F5952 /* PBXTargetDependency */ = {
			isa = PBXTargetDependency;
			target = B77624342CE158E3009F5952 /* TeamUp WashU */;
			targetProxy = B776244C2CE158E6009F5952 /* PBXContainerItemProxy */;
		};
		B77624572CE158E6009F5952 /* PBXTargetDependency */ = {
			isa = PBXTargetDependency;
			target = B77624342CE158E3009F5952 /* TeamUp WashU */;
			targetProxy = B77624562CE158E6009F5952 /* PBXContainerItemProxy */;
		};
/* End PBXTargetDependency section */

/* Begin PBXVariantGroup section */
		B776243E2CE158E3009F5952 /* Main.storyboard */ = {
			isa = PBXVariantGroup;
			children = (
				B776243F2CE158E3009F5952 /* Base */,
			);
			name = Main.storyboard;
			sourceTree = "<group>";
		};
		B77624432CE158E5009F5952 /* LaunchScreen.storyboard */ = {
			isa = PBXVariantGroup;
			children = (
				B77624442CE158E5009F5952 /* Base */,
			);
			name = LaunchScreen.storyboard;
			sourceTree = "<group>";
		};
/* End PBXVariantGroup section */

/* Begin XCBuildConfiguration section */
		B776245D2CE158E6009F5952 /* Debug */ = {
			isa = XCBuildConfiguration;
			buildSettings = {
				ALWAYS_SEARCH_USER_PATHS = NO;
				ASSETCATALOG_COMPILER_GENERATE_SWIFT_ASSET_SYMBOL_EXTENSIONS = YES;
				CLANG_ANALYZER_NONNULL = YES;
				CLANG_ANALYZER_NUMBER_OBJECT_CONVERSION = YES_AGGRESSIVE;
				CLANG_CXX_LANGUAGE_STANDARD = "gnu++20";
				CLANG_ENABLE_MODULES = YES;
				CLANG_ENABLE_OBJC_ARC = YES;
				CLANG_ENABLE_OBJC_WEAK = YES;
				CLANG_WARN_BLOCK_CAPTURE_AUTORELEASING = YES;
				CLANG_WARN_BOOL_CONVERSION = YES;
				CLANG_WARN_COMMA = YES;
				CLANG_WARN_CONSTANT_CONVERSION = YES;
				CLANG_WARN_DEPRECATED_OBJC_IMPLEMENTATIONS = YES;
				CLANG_WARN_DIRECT_OBJC_ISA_USAGE = YES_ERROR;
				CLANG_WARN_DOCUMENTATION_COMMENTS = YES;
				CLANG_WARN_EMPTY_BODY = YES;
				CLANG_WARN_ENUM_CONVERSION = YES;
				CLANG_WARN_INFINITE_RECURSION = YES;
				CLANG_WARN_INT_CONVERSION = YES;
				CLANG_WARN_NON_LITERAL_NULL_CONVERSION = YES;
				CLANG_WARN_OBJC_IMPLICIT_RETAIN_SELF = YES;
				CLANG_WARN_OBJC_LITERAL_CONVERSION = YES;
				CLANG_WARN_OBJC_ROOT_CLASS = YES_ERROR;
				CLANG_WARN_QUOTED_INCLUDE_IN_FRAMEWORK_HEADER = YES;
				CLANG_WARN_RANGE_LOOP_ANALYSIS = YES;
				CLANG_WARN_STRICT_PROTOTYPES = YES;
				CLANG_WARN_SUSPICIOUS_MOVE = YES;
				CLANG_WARN_UNGUARDED_AVAILABILITY = YES_AGGRESSIVE;
				CLANG_WARN_UNREACHABLE_CODE = YES;
				CLANG_WARN__DUPLICATE_METHOD_MATCH = YES;
				COPY_PHASE_STRIP = NO;
				DEBUG_INFORMATION_FORMAT = dwarf;
				ENABLE_STRICT_OBJC_MSGSEND = YES;
				ENABLE_TESTABILITY = YES;
				ENABLE_USER_SCRIPT_SANDBOXING = YES;
				GCC_C_LANGUAGE_STANDARD = gnu17;
				GCC_DYNAMIC_NO_PIC = NO;
				GCC_NO_COMMON_BLOCKS = YES;
				GCC_OPTIMIZATION_LEVEL = 0;
				GCC_PREPROCESSOR_DEFINITIONS = (
					"DEBUG=1",
					"$(inherited)",
				);
				GCC_WARN_64_TO_32_BIT_CONVERSION = YES;
				GCC_WARN_ABOUT_RETURN_TYPE = YES_ERROR;
				GCC_WARN_UNDECLARED_SELECTOR = YES;
				GCC_WARN_UNINITIALIZED_AUTOS = YES_AGGRESSIVE;
				GCC_WARN_UNUSED_FUNCTION = YES;
				GCC_WARN_UNUSED_VARIABLE = YES;
				IPHONEOS_DEPLOYMENT_TARGET = 17.5;
				LOCALIZATION_PREFERS_STRING_CATALOGS = YES;
				MTL_ENABLE_DEBUG_INFO = INCLUDE_SOURCE;
				MTL_FAST_MATH = YES;
				ONLY_ACTIVE_ARCH = YES;
				SDKROOT = iphoneos;
				SWIFT_ACTIVE_COMPILATION_CONDITIONS = "DEBUG $(inherited)";
				SWIFT_OPTIMIZATION_LEVEL = "-Onone";
			};
			name = Debug;
		};
		B776245E2CE158E6009F5952 /* Release */ = {
			isa = XCBuildConfiguration;
			buildSettings = {
				ALWAYS_SEARCH_USER_PATHS = NO;
				ASSETCATALOG_COMPILER_GENERATE_SWIFT_ASSET_SYMBOL_EXTENSIONS = YES;
				CLANG_ANALYZER_NONNULL = YES;
				CLANG_ANALYZER_NUMBER_OBJECT_CONVERSION = YES_AGGRESSIVE;
				CLANG_CXX_LANGUAGE_STANDARD = "gnu++20";
				CLANG_ENABLE_MODULES = YES;
				CLANG_ENABLE_OBJC_ARC = YES;
				CLANG_ENABLE_OBJC_WEAK = YES;
				CLANG_WARN_BLOCK_CAPTURE_AUTORELEASING = YES;
				CLANG_WARN_BOOL_CONVERSION = YES;
				CLANG_WARN_COMMA = YES;
				CLANG_WARN_CONSTANT_CONVERSION = YES;
				CLANG_WARN_DEPRECATED_OBJC_IMPLEMENTATIONS = YES;
				CLANG_WARN_DIRECT_OBJC_ISA_USAGE = YES_ERROR;
				CLANG_WARN_DOCUMENTATION_COMMENTS = YES;
				CLANG_WARN_EMPTY_BODY = YES;
				CLANG_WARN_ENUM_CONVERSION = YES;
				CLANG_WARN_INFINITE_RECURSION = YES;
				CLANG_WARN_INT_CONVERSION = YES;
				CLANG_WARN_NON_LITERAL_NULL_CONVERSION = YES;
				CLANG_WARN_OBJC_IMPLICIT_RETAIN_SELF = YES;
				CLANG_WARN_OBJC_LITERAL_CONVERSION = YES;
				CLANG_WARN_OBJC_ROOT_CLASS = YES_ERROR;
				CLANG_WARN_QUOTED_INCLUDE_IN_FRAMEWORK_HEADER = YES;
				CLANG_WARN_RANGE_LOOP_ANALYSIS = YES;
				CLANG_WARN_STRICT_PROTOTYPES = YES;
				CLANG_WARN_SUSPICIOUS_MOVE = YES;
				CLANG_WARN_UNGUARDED_AVAILABILITY = YES_AGGRESSIVE;
				CLANG_WARN_UNREACHABLE_CODE = YES;
				CLANG_WARN__DUPLICATE_METHOD_MATCH = YES;
				COPY_PHASE_STRIP = NO;
				DEBUG_INFORMATION_FORMAT = "dwarf-with-dsym";
				ENABLE_NS_ASSERTIONS = NO;
				ENABLE_STRICT_OBJC_MSGSEND = YES;
				ENABLE_USER_SCRIPT_SANDBOXING = YES;
				GCC_C_LANGUAGE_STANDARD = gnu17;
				GCC_NO_COMMON_BLOCKS = YES;
				GCC_WARN_64_TO_32_BIT_CONVERSION = YES;
				GCC_WARN_ABOUT_RETURN_TYPE = YES_ERROR;
				GCC_WARN_UNDECLARED_SELECTOR = YES;
				GCC_WARN_UNINITIALIZED_AUTOS = YES_AGGRESSIVE;
				GCC_WARN_UNUSED_FUNCTION = YES;
				GCC_WARN_UNUSED_VARIABLE = YES;
				IPHONEOS_DEPLOYMENT_TARGET = 17.5;
				LOCALIZATION_PREFERS_STRING_CATALOGS = YES;
				MTL_ENABLE_DEBUG_INFO = NO;
				MTL_FAST_MATH = YES;
				SDKROOT = iphoneos;
				SWIFT_COMPILATION_MODE = wholemodule;
				VALIDATE_PRODUCT = YES;
			};
			name = Release;
		};
		B77624602CE158E6009F5952 /* Debug */ = {
			isa = XCBuildConfiguration;
			buildSettings = {
				ASSETCATALOG_COMPILER_APPICON_NAME = AppIcon;
				ASSETCATALOG_COMPILER_GLOBAL_ACCENT_COLOR_NAME = AccentColor;
				CODE_SIGN_STYLE = Automatic;
				CURRENT_PROJECT_VERSION = 1;
				GENERATE_INFOPLIST_FILE = YES;
				INFOPLIST_FILE = "TeamUp WashU/Info.plist";
				INFOPLIST_KEY_UIApplicationSupportsIndirectInputEvents = YES;
				INFOPLIST_KEY_UILaunchStoryboardName = LaunchScreen;
				INFOPLIST_KEY_UIMainStoryboardFile = Main;
				INFOPLIST_KEY_UISupportedInterfaceOrientations_iPad = "UIInterfaceOrientationPortrait UIInterfaceOrientationPortraitUpsideDown UIInterfaceOrientationLandscapeLeft UIInterfaceOrientationLandscapeRight";
				INFOPLIST_KEY_UISupportedInterfaceOrientations_iPhone = "UIInterfaceOrientationPortrait UIInterfaceOrientationLandscapeLeft UIInterfaceOrientationLandscapeRight";
				LD_RUNPATH_SEARCH_PATHS = (
					"$(inherited)",
					"@executable_path/Frameworks",
				);
				MARKETING_VERSION = 1.0;
				PRODUCT_BUNDLE_IDENTIFIER = "CSE348.TeamUp-WashU";
				PRODUCT_NAME = "$(TARGET_NAME)";
				SWIFT_EMIT_LOC_STRINGS = YES;
				SWIFT_VERSION = 5.0;
				TARGETED_DEVICE_FAMILY = "1,2";
			};
			name = Debug;
		};
		B77624612CE158E6009F5952 /* Release */ = {
			isa = XCBuildConfiguration;
			buildSettings = {
				ASSETCATALOG_COMPILER_APPICON_NAME = AppIcon;
				ASSETCATALOG_COMPILER_GLOBAL_ACCENT_COLOR_NAME = AccentColor;
				CODE_SIGN_STYLE = Automatic;
				CURRENT_PROJECT_VERSION = 1;
				GENERATE_INFOPLIST_FILE = YES;
				INFOPLIST_FILE = "TeamUp WashU/Info.plist";
				INFOPLIST_KEY_UIApplicationSupportsIndirectInputEvents = YES;
				INFOPLIST_KEY_UILaunchStoryboardName = LaunchScreen;
				INFOPLIST_KEY_UIMainStoryboardFile = Main;
				INFOPLIST_KEY_UISupportedInterfaceOrientations_iPad = "UIInterfaceOrientationPortrait UIInterfaceOrientationPortraitUpsideDown UIInterfaceOrientationLandscapeLeft UIInterfaceOrientationLandscapeRight";
				INFOPLIST_KEY_UISupportedInterfaceOrientations_iPhone = "UIInterfaceOrientationPortrait UIInterfaceOrientationLandscapeLeft UIInterfaceOrientationLandscapeRight";
				LD_RUNPATH_SEARCH_PATHS = (
					"$(inherited)",
					"@executable_path/Frameworks",
				);
				MARKETING_VERSION = 1.0;
				PRODUCT_BUNDLE_IDENTIFIER = "CSE348.TeamUp-WashU";
				PRODUCT_NAME = "$(TARGET_NAME)";
				SWIFT_EMIT_LOC_STRINGS = YES;
				SWIFT_VERSION = 5.0;
				TARGETED_DEVICE_FAMILY = "1,2";
			};
			name = Release;
		};
		B77624632CE158E6009F5952 /* Debug */ = {
			isa = XCBuildConfiguration;
			buildSettings = {
				ALWAYS_EMBED_SWIFT_STANDARD_LIBRARIES = YES;
				BUNDLE_LOADER = "$(TEST_HOST)";
				CODE_SIGN_STYLE = Automatic;
				CURRENT_PROJECT_VERSION = 1;
				GENERATE_INFOPLIST_FILE = YES;
				IPHONEOS_DEPLOYMENT_TARGET = 17.5;
				MARKETING_VERSION = 1.0;
				PRODUCT_BUNDLE_IDENTIFIER = "CSE348.TeamUp-WashUTests";
				PRODUCT_NAME = "$(TARGET_NAME)";
				SWIFT_EMIT_LOC_STRINGS = NO;
				SWIFT_VERSION = 5.0;
				TARGETED_DEVICE_FAMILY = "1,2";
				TEST_HOST = "$(BUILT_PRODUCTS_DIR)/TeamUp WashU.app/$(BUNDLE_EXECUTABLE_FOLDER_PATH)/TeamUp WashU";
			};
			name = Debug;
		};
		B77624642CE158E6009F5952 /* Release */ = {
			isa = XCBuildConfiguration;
			buildSettings = {
				ALWAYS_EMBED_SWIFT_STANDARD_LIBRARIES = YES;
				BUNDLE_LOADER = "$(TEST_HOST)";
				CODE_SIGN_STYLE = Automatic;
				CURRENT_PROJECT_VERSION = 1;
				GENERATE_INFOPLIST_FILE = YES;
				IPHONEOS_DEPLOYMENT_TARGET = 17.5;
				MARKETING_VERSION = 1.0;
				PRODUCT_BUNDLE_IDENTIFIER = "CSE348.TeamUp-WashUTests";
				PRODUCT_NAME = "$(TARGET_NAME)";
				SWIFT_EMIT_LOC_STRINGS = NO;
				SWIFT_VERSION = 5.0;
				TARGETED_DEVICE_FAMILY = "1,2";
				TEST_HOST = "$(BUILT_PRODUCTS_DIR)/TeamUp WashU.app/$(BUNDLE_EXECUTABLE_FOLDER_PATH)/TeamUp WashU";
			};
			name = Release;
		};
		B77624662CE158E6009F5952 /* Debug */ = {
			isa = XCBuildConfiguration;
			buildSettings = {
				ALWAYS_EMBED_SWIFT_STANDARD_LIBRARIES = YES;
				CODE_SIGN_STYLE = Automatic;
				CURRENT_PROJECT_VERSION = 1;
				GENERATE_INFOPLIST_FILE = YES;
				MARKETING_VERSION = 1.0;
				PRODUCT_BUNDLE_IDENTIFIER = "CSE348.TeamUp-WashUUITests";
				PRODUCT_NAME = "$(TARGET_NAME)";
				SWIFT_EMIT_LOC_STRINGS = NO;
				SWIFT_VERSION = 5.0;
				TARGETED_DEVICE_FAMILY = "1,2";
				TEST_TARGET_NAME = "TeamUp WashU";
			};
			name = Debug;
		};
		B77624672CE158E6009F5952 /* Release */ = {
			isa = XCBuildConfiguration;
			buildSettings = {
				ALWAYS_EMBED_SWIFT_STANDARD_LIBRARIES = YES;
				CODE_SIGN_STYLE = Automatic;
				CURRENT_PROJECT_VERSION = 1;
				GENERATE_INFOPLIST_FILE = YES;
				MARKETING_VERSION = 1.0;
				PRODUCT_BUNDLE_IDENTIFIER = "CSE348.TeamUp-WashUUITests";
				PRODUCT_NAME = "$(TARGET_NAME)";
				SWIFT_EMIT_LOC_STRINGS = NO;
				SWIFT_VERSION = 5.0;
				TARGETED_DEVICE_FAMILY = "1,2";
				TEST_TARGET_NAME = "TeamUp WashU";
			};
			name = Release;
		};
/* End XCBuildConfiguration section */

/* Begin XCConfigurationList section */
		B77624302CE158E2009F5952 /* Build configuration list for PBXProject "TeamUp WashU" */ = {
			isa = XCConfigurationList;
			buildConfigurations = (
				B776245D2CE158E6009F5952 /* Debug */,
				B776245E2CE158E6009F5952 /* Release */,
			);
			defaultConfigurationIsVisible = 0;
			defaultConfigurationName = Release;
		};
		B776245F2CE158E6009F5952 /* Build configuration list for PBXNativeTarget "TeamUp WashU" */ = {
			isa = XCConfigurationList;
			buildConfigurations = (
				B77624602CE158E6009F5952 /* Debug */,
				B77624612CE158E6009F5952 /* Release */,
			);
			defaultConfigurationIsVisible = 0;
			defaultConfigurationName = Release;
		};
		B77624622CE158E6009F5952 /* Build configuration list for PBXNativeTarget "TeamUp WashUTests" */ = {
			isa = XCConfigurationList;
			buildConfigurations = (
				B77624632CE158E6009F5952 /* Debug */,
				B77624642CE158E6009F5952 /* Release */,
			);
			defaultConfigurationIsVisible = 0;
			defaultConfigurationName = Release;
		};
		B77624652CE158E6009F5952 /* Build configuration list for PBXNativeTarget "TeamUp WashUUITests" */ = {
			isa = XCConfigurationList;
			buildConfigurations = (
				B77624662CE158E6009F5952 /* Debug */,
				B77624672CE158E6009F5952 /* Release */,
			);
			defaultConfigurationIsVisible = 0;
			defaultConfigurationName = Release;
		};
/* End XCConfigurationList section */

/* Begin XCRemoteSwiftPackageReference section */
		CDDA90EF2CE43CBE005C06AC /* XCRemoteSwiftPackageReference "firebase-ios-sdk" */ = {
			isa = XCRemoteSwiftPackageReference;
			repositoryURL = "https://github.com/firebase/firebase-ios-sdk";
			requirement = {
				kind = upToNextMajorVersion;
				minimumVersion = 11.5.0;
			};
		};
/* End XCRemoteSwiftPackageReference section */

/* Begin XCSwiftPackageProductDependency section */
		CDDA90F02CE43CBE005C06AC /* FirebaseAnalytics */ = {
			isa = XCSwiftPackageProductDependency;
			package = CDDA90EF2CE43CBE005C06AC /* XCRemoteSwiftPackageReference "firebase-ios-sdk" */;
			productName = FirebaseAnalytics;
		};
		CDDA90F22CE43CBE005C06AC /* FirebaseAuth */ = {
			isa = XCSwiftPackageProductDependency;
			package = CDDA90EF2CE43CBE005C06AC /* XCRemoteSwiftPackageReference "firebase-ios-sdk" */;
			productName = FirebaseAuth;
		};
		CDDA90F42CE43CBE005C06AC /* FirebaseFirestore */ = {
			isa = XCSwiftPackageProductDependency;
			package = CDDA90EF2CE43CBE005C06AC /* XCRemoteSwiftPackageReference "firebase-ios-sdk" */;
			productName = FirebaseFirestore;
		};
		CDDA90F62CE43CBE005C06AC /* FirebaseStorage */ = {
			isa = XCSwiftPackageProductDependency;
			package = CDDA90EF2CE43CBE005C06AC /* XCRemoteSwiftPackageReference "firebase-ios-sdk" */;
			productName = FirebaseStorage;
		};
/* End XCSwiftPackageProductDependency section */
	};
	rootObject = B776242D2CE158E2009F5952 /* Project object */;
}
